
Microsoft Visual Studio Solution File, Format Version 12.00
# Visual Studio 15
VisualStudioVersion = 15.0.26430.16
MinimumVisualStudioVersion = 10.0.40219.1
Project("{FAE04EC0-301F-11D3-BF4B-00C04F79EFBC}") = "Library", "Library\Library.csproj", "{8C7F6381-16A4-46B4-8A65-E2421E73560F}"
EndProject
Project("{FAE04EC0-301F-11D3-BF4B-00C04F79EFBC}") = "Library.DAL", "Library.DAL\Library.DAL.csproj", "{215D9AFF-2A47-4812-876A-7EECC27D2EB4}"
EndProject
Project("{FAE04EC0-301F-11D3-BF4B-00C04F79EFBC}") = "Library.BLL", "Library.BLL\Library.BLL.csproj", "{A4E3F4A0-BC25-4D45-B82A-97D607FE0F17}"
EndProject
Project("{2150E333-8FDC-42A3-9474-1A3956D46DE8}") = "Shared", "Shared", "{F9BFE52F-5D73-4A92-838C-01F44476CA81}"
EndProject
Project("{FAE04EC0-301F-11D3-BF4B-00C04F79EFBC}") = "Library.Entities", "Library.Entities\Library.Entities.csproj", "{E7A9873B-5B26-4CB5-82B7-3FE156DAA52A}"
EndProject
Project("{FAE04EC0-301F-11D3-BF4B-00C04F79EFBC}") = "Library.ViewModel", "Library.ViewModel\Library.ViewModel.csproj", "{614FE813-FE73-49B9-ACF7-5C2A7D2312B4}"
EndProject
Global
	GlobalSection(SolutionConfigurationPlatforms) = preSolution
		Debug|Any CPU = Debug|Any CPU
		Release|Any CPU = Release|Any CPU
	EndGlobalSection
	GlobalSection(ProjectConfigurationPlatforms) = postSolution
		{8C7F6381-16A4-46B4-8A65-E2421E73560F}.Debug|Any CPU.ActiveCfg = Debug|Any CPU
		{8C7F6381-16A4-46B4-8A65-E2421E73560F}.Debug|Any CPU.Build.0 = Debug|Any CPU
		{8C7F6381-16A4-46B4-8A65-E2421E73560F}.Release|Any CPU.ActiveCfg = Release|Any CPU
		{8C7F6381-16A4-46B4-8A65-E2421E73560F}.Release|Any CPU.Build.0 = Release|Any CPU
		{215D9AFF-2A47-4812-876A-7EECC27D2EB4}.Debug|Any CPU.ActiveCfg = Debug|Any CPU
		{215D9AFF-2A47-4812-876A-7EECC27D2EB4}.Debug|Any CPU.Build.0 = Debug|Any CPU
		{215D9AFF-2A47-4812-876A-7EECC27D2EB4}.Release|Any CPU.ActiveCfg = Release|Any CPU
		{215D9AFF-2A47-4812-876A-7EECC27D2EB4}.Release|Any CPU.Build.0 = Release|Any CPU
		{A4E3F4A0-BC25-4D45-B82A-97D607FE0F17}.Debug|Any CPU.ActiveCfg = Debug|Any CPU
		{A4E3F4A0-BC25-4D45-B82A-97D607FE0F17}.Debug|Any CPU.Build.0 = Debug|Any CPU
		{A4E3F4A0-BC25-4D45-B82A-97D607FE0F17}.Release|Any CPU.ActiveCfg = Release|Any CPU
		{A4E3F4A0-BC25-4D45-B82A-97D607FE0F17}.Release|Any CPU.Build.0 = Release|Any CPU
		{E7A9873B-5B26-4CB5-82B7-3FE156DAA52A}.Debug|Any CPU.ActiveCfg = Debug|Any CPU
		{E7A9873B-5B26-4CB5-82B7-3FE156DAA52A}.Debug|Any CPU.Build.0 = Debug|Any CPU
		{E7A9873B-5B26-4CB5-82B7-3FE156DAA52A}.Release|Any CPU.ActiveCfg = Release|Any CPU
		{E7A9873B-5B26-4CB5-82B7-3FE156DAA52A}.Release|Any CPU.Build.0 = Release|Any CPU
		{614FE813-FE73-49B9-ACF7-5C2A7D2312B4}.Debug|Any CPU.ActiveCfg = Debug|Any CPU
		{614FE813-FE73-49B9-ACF7-5C2A7D2312B4}.Debug|Any CPU.Build.0 = Debug|Any CPU
		{614FE813-FE73-49B9-ACF7-5C2A7D2312B4}.Release|Any CPU.ActiveCfg = Release|Any CPU
		{614FE813-FE73-49B9-ACF7-5C2A7D2312B4}.Release|Any CPU.Build.0 = Release|Any CPU
	EndGlobalSection
	GlobalSection(SolutionProperties) = preSolution
		HideSolutionNode = FALSE
	EndGlobalSection
	GlobalSection(NestedProjects) = preSolution
		{E7A9873B-5B26-4CB5-82B7-3FE156DAA52A} = {F9BFE52F-5D73-4A92-838C-01F44476CA81}
		{614FE813-FE73-49B9-ACF7-5C2A7D2312B4} = {F9BFE52F-5D73-4A92-838C-01F44476CA81}
	EndGlobalSection
EndGlobal
